
Microsoft Visual Studio Solution File, Format Version 10.00
# Visual Studio 2008
Project("{E24C65DC-7377-472B-9ABA-BC803B73C61A}") = "WebSite20", "..\..\WebSites\WebSite20\", "{50571257-E98E-4895-BE93-243A62990C58}"
	ProjectSection(WebsiteProperties) = preProject
		TargetFramework = "3.5"
		Debug.AspNetCompiler.VirtualPath = "/WebSite20"
		Debug.AspNetCompiler.PhysicalPath = "..\..\WebSites\WebSite20\"
		Debug.AspNetCompiler.TargetPath = "PrecompiledWeb\WebSite20\"
		Debug.AspNetCompiler.Updateable = "true"
		Debug.AspNetCompiler.ForceOverwrite = "true"
		Debug.AspNetCompiler.FixedNames = "false"
		Debug.AspNetCompiler.Debug = "True"
		Release.AspNetCompiler.VirtualPath = "/WebSite20"
		Release.AspNetCompiler.PhysicalPath = "..\..\WebSites\WebSite20\"
		Release.AspNetCompiler.TargetPath = "PrecompiledWeb\WebSite20\"
		Release.AspNetCompiler.Updateable = "true"
		Release.AspNetCompiler.ForceOverwrite = "true"
		Release.AspNetCompiler.FixedNames = "false"
		Release.AspNetCompiler.Debug = "False"
		VWDPort = "1049"
		DefaultWebSiteLanguage = "Visual C#"
	EndProjectSection
EndProject
Global
	GlobalSection(SolutionConfigurationPlatforms) = preSolution
		Debug|Any CPU = Debug|Any CPU
	EndGlobalSection
	GlobalSection(ProjectConfigurationPlatforms) = postSolution
		{50571257-E98E-4895-BE93-243A62990C58}.Debug|Any CPU.ActiveCfg = Debug|Any CPU
		{50571257-E98E-4895-BE93-243A62990C58}.Debug|Any CPU.Build.0 = Debug|Any CPU
	EndGlobalSection
	GlobalSection(SolutionProperties) = preSolution
		HideSolutionNode = FALSE
	EndGlobalSection
EndGlobal
