
Microsoft Visual Studio Solution File, Format Version 10.00
# Visual Studio 2008
Project("{E24C65DC-7377-472B-9ABA-BC803B73C61A}") = "PaginInGridView", "..\..\PaginInGridView\", "{E313C4DC-CCA1-4B57-AEFF-E3D81DAB65B9}"
	ProjectSection(WebsiteProperties) = preProject
		TargetFramework = "3.5"
		Debug.AspNetCompiler.VirtualPath = "/PaginInGridView"
		Debug.AspNetCompiler.PhysicalPath = "..\..\PaginInGridView\"
		Debug.AspNetCompiler.TargetPath = "PrecompiledWeb\PaginInGridView\"
		Debug.AspNetCompiler.Updateable = "true"
		Debug.AspNetCompiler.ForceOverwrite = "true"
		Debug.AspNetCompiler.FixedNames = "false"
		Debug.AspNetCompiler.Debug = "True"
		Release.AspNetCompiler.VirtualPath = "/PaginInGridView"
		Release.AspNetCompiler.PhysicalPath = "..\..\PaginInGridView\"
		Release.AspNetCompiler.TargetPath = "PrecompiledWeb\PaginInGridView\"
		Release.AspNetCompiler.Updateable = "true"
		Release.AspNetCompiler.ForceOverwrite = "true"
		Release.AspNetCompiler.FixedNames = "false"
		Release.AspNetCompiler.Debug = "False"
		VWDPort = "2371"
		DefaultWebSiteLanguage = "Visual C#"
	EndProjectSection
EndProject
Global
	GlobalSection(SolutionConfigurationPlatforms) = preSolution
		Debug|Any CPU = Debug|Any CPU
	EndGlobalSection
	GlobalSection(ProjectConfigurationPlatforms) = postSolution
		{E313C4DC-CCA1-4B57-AEFF-E3D81DAB65B9}.Debug|Any CPU.ActiveCfg = Debug|Any CPU
		{E313C4DC-CCA1-4B57-AEFF-E3D81DAB65B9}.Debug|Any CPU.Build.0 = Debug|Any CPU
	EndGlobalSection
	GlobalSection(SolutionProperties) = preSolution
		HideSolutionNode = FALSE
	EndGlobalSection
EndGlobal
