
Microsoft Visual Studio Solution File, Format Version 12.00
# Visual Studio 2012
Project("{E24C65DC-7377-472B-9ABA-BC803B73C61A}") = "WebSite32", "http://localhost:5019", "{10E533E3-7C03-4AF2-9CAD-726EDB6914EB}"
	ProjectSection(WebsiteProperties) = preProject
		UseIISExpress = "true"
		TargetFrameworkMoniker = ".NETFramework,Version%3Dv4.5"
		Debug.AspNetCompiler.VirtualPath = "/localhost_5019"
		Debug.AspNetCompiler.PhysicalPath = "..\..\WebSites\WebSite32\"
		Debug.AspNetCompiler.TargetPath = "PrecompiledWeb\localhost_5019\"
		Debug.AspNetCompiler.Updateable = "true"
		Debug.AspNetCompiler.ForceOverwrite = "true"
		Debug.AspNetCompiler.FixedNames = "false"
		Debug.AspNetCompiler.Debug = "True"
		Release.AspNetCompiler.VirtualPath = "/localhost_5019"
		Release.AspNetCompiler.PhysicalPath = "..\..\WebSites\WebSite32\"
		Release.AspNetCompiler.TargetPath = "PrecompiledWeb\localhost_5019\"
		Release.AspNetCompiler.Updateable = "true"
		Release.AspNetCompiler.ForceOverwrite = "true"
		Release.AspNetCompiler.FixedNames = "false"
		Release.AspNetCompiler.Debug = "False"
		SlnRelativePath = "..\..\WebSites\WebSite32\"
		DefaultWebSiteLanguage = "Visual C#"
	EndProjectSection
EndProject
Global
	GlobalSection(SolutionConfigurationPlatforms) = preSolution
		Debug|Any CPU = Debug|Any CPU
	EndGlobalSection
	GlobalSection(ProjectConfigurationPlatforms) = postSolution
		{10E533E3-7C03-4AF2-9CAD-726EDB6914EB}.Debug|Any CPU.ActiveCfg = Debug|Any CPU
		{10E533E3-7C03-4AF2-9CAD-726EDB6914EB}.Debug|Any CPU.Build.0 = Debug|Any CPU
	EndGlobalSection
	GlobalSection(SolutionProperties) = preSolution
		HideSolutionNode = FALSE
	EndGlobalSection
EndGlobal
