
Microsoft Visual Studio Solution File, Format Version 10.00
# Visual Studio 2008
Project("{E24C65DC-7377-472B-9ABA-BC803B73C61A}") = "Login", "..\..\WebSites\Login\", "{19F72003-567B-4EE7-9614-C20E4E5683FC}"
	ProjectSection(WebsiteProperties) = preProject
		TargetFramework = "3.5"
		Debug.AspNetCompiler.VirtualPath = "/Login"
		Debug.AspNetCompiler.PhysicalPath = "..\..\WebSites\Login\"
		Debug.AspNetCompiler.TargetPath = "PrecompiledWeb\Login\"
		Debug.AspNetCompiler.Updateable = "true"
		Debug.AspNetCompiler.ForceOverwrite = "true"
		Debug.AspNetCompiler.FixedNames = "false"
		Debug.AspNetCompiler.Debug = "True"
		Release.AspNetCompiler.VirtualPath = "/Login"
		Release.AspNetCompiler.PhysicalPath = "..\..\WebSites\Login\"
		Release.AspNetCompiler.TargetPath = "PrecompiledWeb\Login\"
		Release.AspNetCompiler.Updateable = "true"
		Release.AspNetCompiler.ForceOverwrite = "true"
		Release.AspNetCompiler.FixedNames = "false"
		Release.AspNetCompiler.Debug = "False"
		VWDPort = "2452"
		DefaultWebSiteLanguage = "Visual C#"
	EndProjectSection
EndProject
Global
	GlobalSection(SolutionConfigurationPlatforms) = preSolution
		Debug|Any CPU = Debug|Any CPU
	EndGlobalSection
	GlobalSection(ProjectConfigurationPlatforms) = postSolution
		{19F72003-567B-4EE7-9614-C20E4E5683FC}.Debug|Any CPU.ActiveCfg = Debug|Any CPU
		{19F72003-567B-4EE7-9614-C20E4E5683FC}.Debug|Any CPU.Build.0 = Debug|Any CPU
	EndGlobalSection
	GlobalSection(SolutionProperties) = preSolution
		HideSolutionNode = FALSE
	EndGlobalSection
EndGlobal
