
Microsoft Visual Studio Solution File, Format Version 10.00
# Visual Studio 2008
Project("{E24C65DC-7377-472B-9ABA-BC803B73C61A}") = "leapDropDown", "..\..\WebSites\leapDropDown\", "{0D8B3ACF-CE2B-429E-93ED-F5E04A8923A0}"
	ProjectSection(WebsiteProperties) = preProject
		TargetFramework = "3.5"
		Debug.AspNetCompiler.VirtualPath = "/leapDropDown"
		Debug.AspNetCompiler.PhysicalPath = "..\..\WebSites\leapDropDown\"
		Debug.AspNetCompiler.TargetPath = "PrecompiledWeb\leapDropDown\"
		Debug.AspNetCompiler.Updateable = "true"
		Debug.AspNetCompiler.ForceOverwrite = "true"
		Debug.AspNetCompiler.FixedNames = "false"
		Debug.AspNetCompiler.Debug = "True"
		Release.AspNetCompiler.VirtualPath = "/leapDropDown"
		Release.AspNetCompiler.PhysicalPath = "..\..\WebSites\leapDropDown\"
		Release.AspNetCompiler.TargetPath = "PrecompiledWeb\leapDropDown\"
		Release.AspNetCompiler.Updateable = "true"
		Release.AspNetCompiler.ForceOverwrite = "true"
		Release.AspNetCompiler.FixedNames = "false"
		Release.AspNetCompiler.Debug = "False"
		VWDPort = "61372"
		DefaultWebSiteLanguage = "Visual C#"
	EndProjectSection
EndProject
Global
	GlobalSection(SolutionConfigurationPlatforms) = preSolution
		Debug|.NET = Debug|.NET
	EndGlobalSection
	GlobalSection(ProjectConfigurationPlatforms) = postSolution
		{0D8B3ACF-CE2B-429E-93ED-F5E04A8923A0}.Debug|.NET.ActiveCfg = Debug|.NET
		{0D8B3ACF-CE2B-429E-93ED-F5E04A8923A0}.Debug|.NET.Build.0 = Debug|.NET
	EndGlobalSection
	GlobalSection(SolutionProperties) = preSolution
		HideSolutionNode = FALSE
	EndGlobalSection
EndGlobal
